<?xml version="1.0" encoding="utf-8"?>
<Project ToolsVersion="4.0" xmlns="http://schemas.microsoft.com/developer/msbuild/2003">
  <ItemGroup>
    <Filter Include="src">
      <UniqueIdentifier>{624d0e1b-0c53-4e3f-93d4-8583c02359bc}</UniqueIdentifier>
    </Filter>
  </ItemGroup>
  <ItemGroup>
    <None Include=".clang-format" />
  </ItemGroup>
  <ItemGroup>
    <ClCompile Include="src\main.cpp">
      <Filter>src</Filter>
    </ClCompile>
    <ClCompile Include="src\PCH.cpp">
      <Filter>src</Filter>
    </ClCompile>
  </ItemGroup>
  <ItemGroup>
    <ClInclude Include="src\PCH.h">
      <Filter>src</Filter>
    </ClInclude>
    <ClInclude Include="src\Utils.h">
      <Filter>src</Filter>
    </ClInclude>
  </ItemGroup>
</Project>